Microsoft Visual Studio Solution File, Format Version 12.00
# Visual Studio Version 17
VisualStudioVersion = 17.5.2.0
MinimumVisualStudioVersion = 10.0.40219.1
Project("{FAE04EC0-301F-11D3-BF4B-00C04F79EFBC}") = "ArgusRestaurantCheckoutAPI", "ArgusRestaurantCheckoutAPI.csproj", "{B0D53B13-0343-DEA5-657C-473B56961C2B}"
EndProject
Global
	GlobalSection(SolutionConfigurationPlatforms) = preSolution
		Debug|Any CPU = Debug|Any CPU
		Release|Any CPU = Release|Any CPU
	EndGlobalSection
	GlobalSection(ProjectConfigurationPlatforms) = postSolution
		{B0D53B13-0343-DEA5-657C-473B56961C2B}.Debug|Any CPU.ActiveCfg = Debug|Any CPU
		{B0D53B13-0343-DEA5-657C-473B56961C2B}.Debug|Any CPU.Build.0 = Debug|Any CPU
		{B0D53B13-0343-DEA5-657C-473B56961C2B}.Release|Any CPU.ActiveCfg = Release|Any CPU
		{B0D53B13-0343-DEA5-657C-473B56961C2B}.Release|Any CPU.Build.0 = Release|Any CPU
	EndGlobalSection
	GlobalSection(SolutionProperties) = preSolution
		HideSolutionNode = FALSE
	EndGlobalSection
	GlobalSection(ExtensibilityGlobals) = postSolution
		SolutionGuid = {BABDF071-86E9-4787-BAE1-D8DD03D0A514}
	EndGlobalSection
EndGlobal
